{
  "version": 4,
  "terraform_version": "1.7.0",
  "serial": 89,
  "lineage": "a7ac391c-7cb2-7b3a-87ab-ddcac6e45d17",
  "outputs": {
    "emr_ip_address": {
      "value": "54.92.135.26",
      "type": "string"
    }
  },
  "resources": [
    {
      "mode": "data",
      "type": "aws_iam_policy_document",
      "name": "ec2_assume_role",
      "provider": "provider[\"registry.terraform.io/hashicorp/aws\"]",
      "instances": [
        {
          "schema_version": 0,
          "attributes": {
            "id": "2851119427",
            "json": "{\n  \"Version\": \"2012-10-17\",\n  \"Statement\": [\n    {\n      \"Effect\": \"Allow\",\n      \"Action\": \"sts:AssumeRole\",\n      \"Principal\": {\n        \"Service\": \"ec2.amazonaws.com\"\n      }\n    }\n  ]\n}",
            "override_policy_documents": null,
            "policy_id": null,
            "source_policy_documents": null,
            "statement": [
              {
                "actions": [
                  "sts:AssumeRole"
                ],
                "condition": [],
                "effect": "Allow",
                "not_actions": [],
                "not_principals": [],
                "not_resources": [],
                "principals": [
                  {
                    "identifiers": [
                      "ec2.amazonaws.com"
                    ],
                    "type": "Service"
                  }
                ],
                "resources": [],
                "sid": ""
              }
            ],
            "version": "2012-10-17"
          },
          "sensitive_attributes": []
        }
      ]
    },
    {
      "mode": "data",
      "type": "aws_iam_policy_document",
      "name": "emr_assume_role",
      "provider": "provider[\"registry.terraform.io/hashicorp/aws\"]",
      "instances": [
        {
          "schema_version": 0,
          "attributes": {
            "id": "3560282121",
            "json": "{\n  \"Version\": \"2012-10-17\",\n  \"Statement\": [\n    {\n      \"Effect\": \"Allow\",\n      \"Action\": \"sts:AssumeRole\",\n      \"Principal\": {\n        \"Service\": \"elasticmapreduce.amazonaws.com\"\n      }\n    }\n  ]\n}",
            "override_policy_documents": null,
            "policy_id": null,
            "source_policy_documents": null,
            "statement": [
              {
                "actions": [
                  "sts:AssumeRole"
                ],
                "condition": [],
                "effect": "Allow",
                "not_actions": [],
                "not_principals": [],
                "not_resources": [],
                "principals": [
                  {
                    "identifiers": [
                      "elasticmapreduce.amazonaws.com"
                    ],
                    "type": "Service"
                  }
                ],
                "resources": [],
                "sid": ""
              }
            ],
            "version": "2012-10-17"
          },
          "sensitive_attributes": []
        }
      ]
    },
    {
      "mode": "data",
      "type": "aws_iam_policy_document",
      "name": "iam_emr_profile_policy",
      "provider": "provider[\"registry.terraform.io/hashicorp/aws\"]",
      "instances": [
        {
          "schema_version": 0,
          "attributes": {
            "id": "3484840087",
            "json": "{\n  \"Version\": \"2012-10-17\",\n  \"Statement\": [\n    {\n      \"Effect\": \"Allow\",\n      \"Action\": [\n        \"sqs:*\",\n        \"sns:*\",\n        \"sdb:*\",\n        \"s3:*\",\n        \"rds:Describe*\",\n        \"kinesis:SplitShard\",\n        \"kinesis:PutRecord\",\n        \"kinesis:MergeShards\",\n        \"kinesis:GetShardIterator\",\n        \"kinesis:GetRecords\",\n        \"kinesis:DescribeStream\",\n        \"kinesis:DeleteStream\",\n        \"kinesis:CreateStream\",\n        \"elasticmapreduce:ListSteps\",\n        \"elasticmapreduce:ListInstances\",\n        \"elasticmapreduce:ListInstanceGroups\",\n        \"elasticmapreduce:ListClusters\",\n        \"elasticmapreduce:ListBootstrapActions\",\n        \"elasticmapreduce:Describe*\",\n        \"ec2:Describe*\",\n        \"dynamodb:*\",\n        \"cloudwatch:*\"\n      ],\n      \"Resource\": \"*\"\n    }\n  ]\n}",
            "override_policy_documents": null,
            "policy_id": null,
            "source_policy_documents": null,
            "statement": [
              {
                "actions": [
                  "cloudwatch:*",
                  "dynamodb:*",
                  "ec2:Describe*",
                  "elasticmapreduce:Describe*",
                  "elasticmapreduce:ListBootstrapActions",
                  "elasticmapreduce:ListClusters",
                  "elasticmapreduce:ListInstanceGroups",
                  "elasticmapreduce:ListInstances",
                  "elasticmapreduce:ListSteps",
                  "kinesis:CreateStream",
                  "kinesis:DeleteStream",
                  "kinesis:DescribeStream",
                  "kinesis:GetRecords",
                  "kinesis:GetShardIterator",
                  "kinesis:MergeShards",
                  "kinesis:PutRecord",
                  "kinesis:SplitShard",
                  "rds:Describe*",
                  "s3:*",
                  "sdb:*",
                  "sns:*",
                  "sqs:*"
                ],
                "condition": [],
                "effect": "Allow",
                "not_actions": [],
                "not_principals": [],
                "not_resources": [],
                "principals": [],
                "resources": [
                  "*"
                ],
                "sid": ""
              }
            ],
            "version": "2012-10-17"
          },
          "sensitive_attributes": []
        }
      ]
    },
    {
      "mode": "data",
      "type": "aws_iam_policy_document",
      "name": "iam_emr_service_policy",
      "provider": "provider[\"registry.terraform.io/hashicorp/aws\"]",
      "instances": [
        {
          "schema_version": 0,
          "attributes": {
            "id": "3856279374",
            "json": "{\n  \"Version\": \"2012-10-17\",\n  \"Statement\": [\n    {\n      \"Effect\": \"Allow\",\n      \"Action\": [\n        \"sqs:ReceiveMessage\",\n        \"sqs:PurgeQueue\",\n        \"sqs:GetQueue*\",\n        \"sqs:Delete*\",\n        \"sqs:CreateQueue\",\n        \"sdb:Select\",\n        \"sdb:BatchPutAttributes\",\n        \"s3:List*\",\n        \"s3:Get*\",\n        \"s3:CreateBucket\",\n        \"iam:PassRole\",\n        \"iam:ListRolePolicies\",\n        \"iam:ListInstanceProfiles\",\n        \"iam:GetRolePolicy\",\n        \"iam:GetRole\",\n        \"ec2:*\"\n      ],\n      \"Resource\": \"*\"\n    }\n  ]\n}",
            "override_policy_documents": null,
            "policy_id": null,
            "source_policy_documents": null,
            "statement": [
              {
                "actions": [
                  "ec2:*",
                  "iam:GetRole",
                  "iam:GetRolePolicy",
                  "iam:ListInstanceProfiles",
                  "iam:ListRolePolicies",
                  "iam:PassRole",
                  "s3:CreateBucket",
                  "s3:Get*",
                  "s3:List*",
                  "sdb:BatchPutAttributes",
                  "sdb:Select",
                  "sqs:CreateQueue",
                  "sqs:Delete*",
                  "sqs:GetQueue*",
                  "sqs:PurgeQueue",
                  "sqs:ReceiveMessage"
                ],
                "condition": [],
                "effect": "Allow",
                "not_actions": [],
                "not_principals": [],
                "not_resources": [],
                "principals": [],
                "resources": [
                  "*"
                ],
                "sid": ""
              }
            ],
            "version": "2012-10-17"
          },
          "sensitive_attributes": []
        }
      ]
    },
    {
      "mode": "managed",
      "type": "aws_eip",
      "name": "eip",
      "provider": "provider[\"registry.terraform.io/hashicorp/aws\"]",
      "instances": [
        {
          "schema_version": 0,
          "attributes": {
            "address": null,
            "allocation_id": "eipalloc-02b310be33342c4d5",
            "associate_with_private_ip": "10.0.1.50",
            "association_id": "eipassoc-089735a382648f685",
            "carrier_ip": "",
            "customer_owned_ip": "",
            "customer_owned_ipv4_pool": "",
            "domain": "vpc",
            "id": "eipalloc-02b310be33342c4d5",
            "instance": "",
            "network_border_group": "us-east-1",
            "network_interface": "eni-0a04c57f8a97abaa6",
            "private_dns": "ip-10-0-1-50.ec2.internal",
            "private_ip": "10.0.1.50",
            "public_dns": "ec2-54-166-95-75.compute-1.amazonaws.com",
            "public_ip": "54.166.95.75",
            "public_ipv4_pool": "amazon",
            "tags": {},
            "tags_all": {},
            "timeouts": null,
            "vpc": true
          },
          "sensitive_attributes": [],
          "private": "eyJlMmJmYjczMC1lY2FhLTExZTYtOGY4OC0zNDM2M2JjN2M0YzAiOnsiZGVsZXRlIjoxODAwMDAwMDAwMDAsInJlYWQiOjkwMDAwMDAwMDAwMCwidXBkYXRlIjozMDAwMDAwMDAwMDB9fQ==",
          "dependencies": [
            "aws_internet_gateway.VPC_gateway",
            "aws_network_interface.network-interface",
            "aws_security_group.allow_traffic",
            "aws_subnet.main_subnet",
            "aws_vpc.main_VPC"
          ]
        }
      ]
    },
    {
      "mode": "managed",
      "type": "aws_emr_cluster",
      "name": "spark_cluster",
      "provider": "provider[\"registry.terraform.io/hashicorp/aws\"]",
      "instances": [
        {
          "schema_version": 0,
          "attributes": {
            "additional_info": null,
            "applications": [
              "Spark"
            ],
            "arn": "arn:aws:elasticmapreduce:us-east-1:583893231145:cluster/j-3941VR9YBGECK",
            "auto_termination_policy": [
              {
                "idle_timeout": 10800
              }
            ],
            "autoscaling_role": "",
            "bootstrap_action": [],
            "cluster_state": "WAITING",
            "configurations": null,
            "configurations_json": null,
            "core_instance_fleet": [],
            "core_instance_group": [
              {
                "autoscaling_policy": "",
                "bid_price": "",
                "ebs_config": [
                  {
                    "iops": 0,
                    "size": 32,
                    "throughput": 0,
                    "type": "gp2",
                    "volumes_per_instance": 1
                  }
                ],
                "id": "ig-25FK8R5PIMOO3",
                "instance_count": 3,
                "instance_type": "c4.large",
                "name": ""
              }
            ],
            "custom_ami_id": "",
            "ebs_root_volume_size": 0,
            "ec2_attributes": [
              {
                "additional_master_security_groups": "",
                "additional_slave_security_groups": "",
                "emr_managed_master_security_group": "sg-0839b5031d0df0eb5",
                "emr_managed_slave_security_group": "sg-0839b5031d0df0eb5",
                "instance_profile": "arn:aws:iam::583893231145:instance-profile/emr_profile",
                "key_name": "main-key",
                "service_access_security_group": "",
                "subnet_id": "subnet-09efd6ab589cb8ff7",
                "subnet_ids": [
                  "subnet-09efd6ab589cb8ff7"
                ]
              }
            ],
            "id": "j-3941VR9YBGECK",
            "keep_job_flow_alive_when_no_steps": true,
            "kerberos_attributes": [],
            "list_steps_states": null,
            "log_encryption_kms_key_id": "",
            "log_uri": "s3n://hadis-s3-project-bucket/Real-Estate/logs/",
            "master_instance_fleet": [],
            "master_instance_group": [
              {
                "bid_price": "",
                "ebs_config": [
                  {
                    "iops": 0,
                    "size": 32,
                    "throughput": 0,
                    "type": "gp2",
                    "volumes_per_instance": 1
                  }
                ],
                "id": "ig-37MVB0X8XLVG8",
                "instance_count": 1,
                "instance_type": "m4.large",
                "name": ""
              }
            ],
            "master_public_dns": "54.92.135.26",
            "name": "spark_emr",
            "placement_group_config": [],
            "release_label": "emr-7.0.0",
            "scale_down_behavior": "TERMINATE_AT_TASK_COMPLETION",
            "security_configuration": "",
            "service_role": "arn:aws:iam::583893231145:role/iam_emr_service_role",
            "step": [],
            "step_concurrency_level": 1,
            "tags": {},
            "tags_all": {},
            "termination_protection": false,
            "visible_to_all_users": true
          },
          "sensitive_attributes": [],
          "private": "bnVsbA==",
          "dependencies": [
            "aws_iam_instance_profile.emr_profile",
            "aws_iam_role.iam_emr_profile_role",
            "aws_iam_role.iam_emr_service_role",
            "aws_security_group.allow_traffic",
            "aws_subnet.main_subnet",
            "aws_vpc.main_VPC",
            "data.aws_iam_policy_document.ec2_assume_role",
            "data.aws_iam_policy_document.emr_assume_role"
          ]
        }
      ]
    },
    {
      "mode": "managed",
      "type": "aws_iam_instance_profile",
      "name": "emr_profile",
      "provider": "provider[\"registry.terraform.io/hashicorp/aws\"]",
      "instances": [
        {
          "schema_version": 0,
          "attributes": {
            "arn": "arn:aws:iam::583893231145:instance-profile/emr_profile",
            "create_date": "2024-03-19T08:20:50Z",
            "id": "emr_profile",
            "name": "emr_profile",
            "name_prefix": "",
            "path": "/",
            "role": "iam_emr_profile_role",
            "tags": {},
            "tags_all": {},
            "unique_id": "AIPAYP4V7UYU6BBZGUI6Q"
          },
          "sensitive_attributes": [],
          "private": "bnVsbA==",
          "dependencies": [
            "aws_iam_role.iam_emr_profile_role",
            "data.aws_iam_policy_document.ec2_assume_role"
          ]
        }
      ]
    },
    {
      "mode": "managed",
      "type": "aws_iam_role",
      "name": "iam_emr_profile_role",
      "provider": "provider[\"registry.terraform.io/hashicorp/aws\"]",
      "instances": [
        {
          "schema_version": 0,
          "attributes": {
            "arn": "arn:aws:iam::583893231145:role/iam_emr_profile_role",
            "assume_role_policy": "{\"Statement\":[{\"Action\":\"sts:AssumeRole\",\"Effect\":\"Allow\",\"Principal\":{\"Service\":\"ec2.amazonaws.com\"}}],\"Version\":\"2012-10-17\"}",
            "create_date": "2024-03-19T08:20:49Z",
            "description": "",
            "force_detach_policies": false,
            "id": "iam_emr_profile_role",
            "inline_policy": [
              {
                "name": "iam_emr_profile_policy",
                "policy": "{\"Version\":\"2012-10-17\",\"Statement\":[{\"Action\":[\"sqs:*\",\"sns:*\",\"sdb:*\",\"s3:*\",\"rds:Describe*\",\"kinesis:SplitShard\",\"kinesis:PutRecord\",\"kinesis:MergeShards\",\"kinesis:GetShardIterator\",\"kinesis:GetRecords\",\"kinesis:DescribeStream\",\"kinesis:DeleteStream\",\"kinesis:CreateStream\",\"elasticmapreduce:ListSteps\",\"elasticmapreduce:ListInstances\",\"elasticmapreduce:ListInstanceGroups\",\"elasticmapreduce:ListClusters\",\"elasticmapreduce:ListBootstrapActions\",\"elasticmapreduce:Describe*\",\"ec2:Describe*\",\"dynamodb:*\",\"cloudwatch:*\"],\"Effect\":\"Allow\",\"Resource\":\"*\"}]}"
              }
            ],
            "managed_policy_arns": [],
            "max_session_duration": 3600,
            "name": "iam_emr_profile_role",
            "name_prefix": "",
            "path": "/",
            "permissions_boundary": "",
            "tags": {},
            "tags_all": {},
            "unique_id": "AROAYP4V7UYUXP52VT5S4"
          },
          "sensitive_attributes": [],
          "private": "bnVsbA==",
          "dependencies": [
            "data.aws_iam_policy_document.ec2_assume_role"
          ]
        }
      ]
    },
    {
      "mode": "managed",
      "type": "aws_iam_role",
      "name": "iam_emr_service_role",
      "provider": "provider[\"registry.terraform.io/hashicorp/aws\"]",
      "instances": [
        {
          "schema_version": 0,
          "attributes": {
            "arn": "arn:aws:iam::583893231145:role/iam_emr_service_role",
            "assume_role_policy": "{\"Statement\":[{\"Action\":\"sts:AssumeRole\",\"Effect\":\"Allow\",\"Principal\":{\"Service\":\"elasticmapreduce.amazonaws.com\"}}],\"Version\":\"2012-10-17\"}",
            "create_date": "2024-03-19T08:20:49Z",
            "description": "",
            "force_detach_policies": false,
            "id": "iam_emr_service_role",
            "inline_policy": [
              {
                "name": "iam_emr_service_policy",
                "policy": "{\"Version\":\"2012-10-17\",\"Statement\":[{\"Action\":[\"sqs:ReceiveMessage\",\"sqs:PurgeQueue\",\"sqs:GetQueue*\",\"sqs:Delete*\",\"sqs:CreateQueue\",\"sdb:Select\",\"sdb:BatchPutAttributes\",\"s3:List*\",\"s3:Get*\",\"s3:CreateBucket\",\"iam:PassRole\",\"iam:ListRolePolicies\",\"iam:ListInstanceProfiles\",\"iam:GetRolePolicy\",\"iam:GetRole\",\"ec2:*\"],\"Effect\":\"Allow\",\"Resource\":\"*\"}]}"
              }
            ],
            "managed_policy_arns": [],
            "max_session_duration": 3600,
            "name": "iam_emr_service_role",
            "name_prefix": "",
            "path": "/",
            "permissions_boundary": "",
            "tags": {},
            "tags_all": {},
            "unique_id": "AROAYP4V7UYU22TDJUDOA"
          },
          "sensitive_attributes": [],
          "private": "bnVsbA==",
          "dependencies": [
            "data.aws_iam_policy_document.emr_assume_role"
          ]
        }
      ]
    },
    {
      "mode": "managed",
      "type": "aws_iam_role_policy",
      "name": "iam_emr_profile_policy",
      "provider": "provider[\"registry.terraform.io/hashicorp/aws\"]",
      "instances": [
        {
          "schema_version": 0,
          "attributes": {
            "id": "iam_emr_profile_role:iam_emr_profile_policy",
            "name": "iam_emr_profile_policy",
            "name_prefix": "",
            "policy": "{\"Version\":\"2012-10-17\",\"Statement\":[{\"Action\":[\"sqs:*\",\"sns:*\",\"sdb:*\",\"s3:*\",\"rds:Describe*\",\"kinesis:SplitShard\",\"kinesis:PutRecord\",\"kinesis:MergeShards\",\"kinesis:GetShardIterator\",\"kinesis:GetRecords\",\"kinesis:DescribeStream\",\"kinesis:DeleteStream\",\"kinesis:CreateStream\",\"elasticmapreduce:ListSteps\",\"elasticmapreduce:ListInstances\",\"elasticmapreduce:ListInstanceGroups\",\"elasticmapreduce:ListClusters\",\"elasticmapreduce:ListBootstrapActions\",\"elasticmapreduce:Describe*\",\"ec2:Describe*\",\"dynamodb:*\",\"cloudwatch:*\"],\"Effect\":\"Allow\",\"Resource\":\"*\"}]}",
            "role": "iam_emr_profile_role"
          },
          "sensitive_attributes": [],
          "private": "bnVsbA==",
          "dependencies": [
            "aws_iam_role.iam_emr_profile_role",
            "data.aws_iam_policy_document.ec2_assume_role",
            "data.aws_iam_policy_document.iam_emr_profile_policy"
          ]
        }
      ]
    },
    {
      "mode": "managed",
      "type": "aws_iam_role_policy",
      "name": "iam_emr_service_policy",
      "provider": "provider[\"registry.terraform.io/hashicorp/aws\"]",
      "instances": [
        {
          "schema_version": 0,
          "attributes": {
            "id": "iam_emr_service_role:iam_emr_service_policy",
            "name": "iam_emr_service_policy",
            "name_prefix": "",
            "policy": "{\"Version\":\"2012-10-17\",\"Statement\":[{\"Action\":[\"sqs:ReceiveMessage\",\"sqs:PurgeQueue\",\"sqs:GetQueue*\",\"sqs:Delete*\",\"sqs:CreateQueue\",\"sdb:Select\",\"sdb:BatchPutAttributes\",\"s3:List*\",\"s3:Get*\",\"s3:CreateBucket\",\"iam:PassRole\",\"iam:ListRolePolicies\",\"iam:ListInstanceProfiles\",\"iam:GetRolePolicy\",\"iam:GetRole\",\"ec2:*\"],\"Effect\":\"Allow\",\"Resource\":\"*\"}]}",
            "role": "iam_emr_service_role"
          },
          "sensitive_attributes": [],
          "private": "bnVsbA==",
          "dependencies": [
            "aws_iam_role.iam_emr_service_role",
            "data.aws_iam_policy_document.emr_assume_role",
            "data.aws_iam_policy_document.iam_emr_service_policy"
          ]
        }
      ]
    },
    {
      "mode": "managed",
      "type": "aws_internet_gateway",
      "name": "VPC_gateway",
      "provider": "provider[\"registry.terraform.io/hashicorp/aws\"]",
      "instances": [
        {
          "schema_version": 0,
          "attributes": {
            "arn": "arn:aws:ec2:us-east-1:583893231145:internet-gateway/igw-0ac31cab8691421d6",
            "id": "igw-0ac31cab8691421d6",
            "owner_id": "583893231145",
            "tags": {
              "Name": "internet door"
            },
            "tags_all": {
              "Name": "internet door"
            },
            "timeouts": null,
            "vpc_id": "vpc-0b79a609bbb804a35"
          },
          "sensitive_attributes": [],
          "private": "eyJlMmJmYjczMC1lY2FhLTExZTYtOGY4OC0zNDM2M2JjN2M0YzAiOnsiY3JlYXRlIjoxMjAwMDAwMDAwMDAwLCJkZWxldGUiOjEyMDAwMDAwMDAwMDAsInVwZGF0ZSI6MTIwMDAwMDAwMDAwMH19",
          "dependencies": [
            "aws_vpc.main_VPC"
          ]
        }
      ]
    },
    {
      "mode": "managed",
      "type": "aws_network_interface",
      "name": "network-interface",
      "provider": "provider[\"registry.terraform.io/hashicorp/aws\"]",
      "instances": [
        {
          "schema_version": 0,
          "attributes": {
            "arn": "arn:aws:ec2:us-east-1:583893231145:network-interface/eni-0a04c57f8a97abaa6",
            "attachment": [],
            "description": "",
            "id": "eni-0a04c57f8a97abaa6",
            "interface_type": "interface",
            "ipv4_prefix_count": 0,
            "ipv4_prefixes": [],
            "ipv6_address_count": 0,
            "ipv6_address_list": [],
            "ipv6_address_list_enabled": false,
            "ipv6_addresses": [],
            "ipv6_prefix_count": 0,
            "ipv6_prefixes": [],
            "mac_address": "0e:75:c8:dd:6a:f1",
            "outpost_arn": "",
            "owner_id": "583893231145",
            "private_dns_name": "",
            "private_ip": "10.0.1.50",
            "private_ip_list": [
              "10.0.1.50"
            ],
            "private_ip_list_enabled": false,
            "private_ips": [
              "10.0.1.50"
            ],
            "private_ips_count": 0,
            "security_groups": [
              "sg-0839b5031d0df0eb5"
            ],
            "source_dest_check": true,
            "subnet_id": "subnet-09efd6ab589cb8ff7",
            "tags": {},
            "tags_all": {}
          },
          "sensitive_attributes": [],
          "private": "bnVsbA==",
          "dependencies": [
            "aws_security_group.allow_traffic",
            "aws_subnet.main_subnet",
            "aws_vpc.main_VPC"
          ]
        }
      ]
    },
    {
      "mode": "managed",
      "type": "aws_route_table",
      "name": "route_table",
      "provider": "provider[\"registry.terraform.io/hashicorp/aws\"]",
      "instances": [
        {
          "schema_version": 0,
          "attributes": {
            "arn": "arn:aws:ec2:us-east-1:583893231145:route-table/rtb-0e33eb604d834c3ed",
            "id": "rtb-0e33eb604d834c3ed",
            "owner_id": "583893231145",
            "propagating_vgws": [],
            "route": [
              {
                "carrier_gateway_id": "",
                "cidr_block": "",
                "core_network_arn": "",
                "destination_prefix_list_id": "",
                "egress_only_gateway_id": "",
                "gateway_id": "igw-0ac31cab8691421d6",
                "ipv6_cidr_block": "::/0",
                "local_gateway_id": "",
                "nat_gateway_id": "",
                "network_interface_id": "",
                "transit_gateway_id": "",
                "vpc_endpoint_id": "",
                "vpc_peering_connection_id": ""
              },
              {
                "carrier_gateway_id": "",
                "cidr_block": "0.0.0.0/0",
                "core_network_arn": "",
                "destination_prefix_list_id": "",
                "egress_only_gateway_id": "",
                "gateway_id": "igw-0ac31cab8691421d6",
                "ipv6_cidr_block": "",
                "local_gateway_id": "",
                "nat_gateway_id": "",
                "network_interface_id": "",
                "transit_gateway_id": "",
                "vpc_endpoint_id": "",
                "vpc_peering_connection_id": ""
              }
            ],
            "tags": {
              "Name": "Lenient Route Table"
            },
            "tags_all": {
              "Name": "Lenient Route Table"
            },
            "timeouts": null,
            "vpc_id": "vpc-0b79a609bbb804a35"
          },
          "sensitive_attributes": [],
          "private": "eyJlMmJmYjczMC1lY2FhLTExZTYtOGY4OC0zNDM2M2JjN2M0YzAiOnsiY3JlYXRlIjozMDAwMDAwMDAwMDAsImRlbGV0ZSI6MzAwMDAwMDAwMDAwLCJ1cGRhdGUiOjEyMDAwMDAwMDAwMH19",
          "dependencies": [
            "aws_internet_gateway.VPC_gateway",
            "aws_vpc.main_VPC"
          ]
        }
      ]
    },
    {
      "mode": "managed",
      "type": "aws_route_table_association",
      "name": "a",
      "provider": "provider[\"registry.terraform.io/hashicorp/aws\"]",
      "instances": [
        {
          "schema_version": 0,
          "attributes": {
            "gateway_id": "",
            "id": "rtbassoc-07a349618892d1088",
            "route_table_id": "rtb-0e33eb604d834c3ed",
            "subnet_id": "subnet-09efd6ab589cb8ff7",
            "timeouts": null
          },
          "sensitive_attributes": [],
          "private": "eyJlMmJmYjczMC1lY2FhLTExZTYtOGY4OC0zNDM2M2JjN2M0YzAiOnsiY3JlYXRlIjozMDAwMDAwMDAwMDAsImRlbGV0ZSI6MzAwMDAwMDAwMDAwLCJ1cGRhdGUiOjEyMDAwMDAwMDAwMH19",
          "dependencies": [
            "aws_internet_gateway.VPC_gateway",
            "aws_route_table.route_table",
            "aws_subnet.main_subnet",
            "aws_vpc.main_VPC"
          ]
        }
      ]
    },
    {
      "mode": "managed",
      "type": "aws_s3_bucket",
      "name": "s3_bucket",
      "provider": "provider[\"registry.terraform.io/hashicorp/aws\"]",
      "instances": [
        {
          "schema_version": 0,
          "attributes": {
            "acceleration_status": "",
            "acl": null,
            "arn": "arn:aws:s3:::hadis-s3-project-bucket",
            "bucket": "hadis-s3-project-bucket",
            "bucket_domain_name": "hadis-s3-project-bucket.s3.amazonaws.com",
            "bucket_prefix": "",
            "bucket_regional_domain_name": "hadis-s3-project-bucket.s3.us-east-1.amazonaws.com",
            "cors_rule": [],
            "force_destroy": false,
            "grant": [
              {
                "id": "fe5b456de5fdc2a64bf89eddb1f84ddb3ee5da2fdbb129d4a4f2d1b7a7e533d9",
                "permissions": [
                  "FULL_CONTROL"
                ],
                "type": "CanonicalUser",
                "uri": ""
              }
            ],
            "hosted_zone_id": "Z3AQBSTGFYJSTF",
            "id": "hadis-s3-project-bucket",
            "lifecycle_rule": [],
            "logging": [],
            "object_lock_configuration": [],
            "object_lock_enabled": false,
            "policy": "",
            "region": "us-east-1",
            "replication_configuration": [],
            "request_payer": "BucketOwner",
            "server_side_encryption_configuration": [
              {
                "rule": [
                  {
                    "apply_server_side_encryption_by_default": [
                      {
                        "kms_master_key_id": "",
                        "sse_algorithm": "AES256"
                      }
                    ],
                    "bucket_key_enabled": false
                  }
                ]
              }
            ],
            "tags": {
              "Environment": "Dev",
              "Name": "s3_bucket"
            },
            "tags_all": {
              "Environment": "Dev",
              "Name": "s3_bucket"
            },
            "timeouts": null,
            "versioning": [
              {
                "enabled": true,
                "mfa_delete": false
              }
            ],
            "website": [],
            "website_domain": null,
            "website_endpoint": null
          },
          "sensitive_attributes": [],
          "private": "eyJlMmJmYjczMC1lY2FhLTExZTYtOGY4OC0zNDM2M2JjN2M0YzAiOnsiY3JlYXRlIjoxMjAwMDAwMDAwMDAwLCJkZWxldGUiOjM2MDAwMDAwMDAwMDAsInJlYWQiOjEyMDAwMDAwMDAwMDAsInVwZGF0ZSI6MTIwMDAwMDAwMDAwMH19"
        }
      ]
    },
    {
      "mode": "managed",
      "type": "aws_s3_bucket_versioning",
      "name": "s3_versioning_configuration",
      "provider": "provider[\"registry.terraform.io/hashicorp/aws\"]",
      "instances": [
        {
          "schema_version": 0,
          "attributes": {
            "bucket": "hadis-s3-project-bucket",
            "expected_bucket_owner": "",
            "id": "hadis-s3-project-bucket",
            "mfa": null,
            "versioning_configuration": [
              {
                "mfa_delete": "",
                "status": "Enabled"
              }
            ]
          },
          "sensitive_attributes": [],
          "private": "bnVsbA==",
          "dependencies": [
            "aws_s3_bucket.s3_bucket"
          ]
        }
      ]
    },
    {
      "mode": "managed",
      "type": "aws_s3_object",
      "name": "s3-RealEstate-folder",
      "provider": "provider[\"registry.terraform.io/hashicorp/aws\"]",
      "instances": [
        {
          "schema_version": 0,
          "attributes": {
            "acl": null,
            "arn": "arn:aws:s3:::hadis-s3-project-bucket/Real-Estate/",
            "bucket": "hadis-s3-project-bucket",
            "bucket_key_enabled": false,
            "cache_control": "",
            "checksum_algorithm": null,
            "checksum_crc32": "",
            "checksum_crc32c": "",
            "checksum_sha1": "",
            "checksum_sha256": "",
            "content": null,
            "content_base64": null,
            "content_disposition": "",
            "content_encoding": "",
            "content_language": "",
            "content_type": "application/octet-stream",
            "etag": "3136c8d6f0160863b4347fa942877c27",
            "force_destroy": false,
            "id": "Real-Estate/",
            "key": "Real-Estate/",
            "kms_key_id": null,
            "metadata": {},
            "object_lock_legal_hold_status": "",
            "object_lock_mode": "",
            "object_lock_retain_until_date": "",
            "override_provider": [],
            "server_side_encryption": "aws:kms",
            "source": null,
            "source_hash": null,
            "storage_class": "STANDARD",
            "tags": {},
            "tags_all": {},
            "version_id": "B07CjoVQG6rtW_Ub7WqAVKlogqKkbxfD",
            "website_redirect": ""
          },
          "sensitive_attributes": [],
          "private": "bnVsbA==",
          "dependencies": [
            "aws_s3_bucket.s3_bucket"
          ]
        }
      ]
    },
    {
      "mode": "managed",
      "type": "aws_s3_object",
      "name": "s3-RealEstate-input-folder",
      "provider": "provider[\"registry.terraform.io/hashicorp/aws\"]",
      "instances": [
        {
          "schema_version": 0,
          "attributes": {
            "acl": null,
            "arn": "arn:aws:s3:::hadis-s3-project-bucket/Real-Estate/input/",
            "bucket": "hadis-s3-project-bucket",
            "bucket_key_enabled": false,
            "cache_control": "",
            "checksum_algorithm": null,
            "checksum_crc32": "",
            "checksum_crc32c": "",
            "checksum_sha1": "",
            "checksum_sha256": "",
            "content": null,
            "content_base64": null,
            "content_disposition": "",
            "content_encoding": "",
            "content_language": "",
            "content_type": "application/octet-stream",
            "etag": "f7354e4021ffed0b02bba3c67a01aea9",
            "force_destroy": false,
            "id": "Real-Estate/input/",
            "key": "Real-Estate/input/",
            "kms_key_id": null,
            "metadata": {},
            "object_lock_legal_hold_status": "",
            "object_lock_mode": "",
            "object_lock_retain_until_date": "",
            "override_provider": [],
            "server_side_encryption": "aws:kms",
            "source": null,
            "source_hash": null,
            "storage_class": "STANDARD",
            "tags": {},
            "tags_all": {},
            "version_id": "SRJTKVJnbWqWFmKscY16GttG8vnoposU",
            "website_redirect": ""
          },
          "sensitive_attributes": [],
          "private": "bnVsbA==",
          "dependencies": [
            "aws_s3_bucket.s3_bucket"
          ]
        }
      ]
    },
    {
      "mode": "managed",
      "type": "aws_s3_object",
      "name": "s3-RealEstate-logs-folder",
      "provider": "provider[\"registry.terraform.io/hashicorp/aws\"]",
      "instances": [
        {
          "schema_version": 0,
          "attributes": {
            "acl": null,
            "arn": "arn:aws:s3:::hadis-s3-project-bucket/Real-Estate/logs/",
            "bucket": "hadis-s3-project-bucket",
            "bucket_key_enabled": false,
            "cache_control": "",
            "checksum_algorithm": null,
            "checksum_crc32": "",
            "checksum_crc32c": "",
            "checksum_sha1": "",
            "checksum_sha256": "",
            "content": null,
            "content_base64": null,
            "content_disposition": "",
            "content_encoding": "",
            "content_language": "",
            "content_type": "application/octet-stream",
            "etag": "c274f3c2a012db4358cf6ecad1e7a1a3",
            "force_destroy": false,
            "id": "Real-Estate/logs/",
            "key": "Real-Estate/logs/",
            "kms_key_id": null,
            "metadata": {},
            "object_lock_legal_hold_status": "",
            "object_lock_mode": "",
            "object_lock_retain_until_date": "",
            "override_provider": [],
            "server_side_encryption": "aws:kms",
            "source": null,
            "source_hash": null,
            "storage_class": "STANDARD",
            "tags": {},
            "tags_all": {},
            "version_id": "0xg9EPEDvrDtZmieVfquH6h0CXbM6POg",
            "website_redirect": ""
          },
          "sensitive_attributes": [],
          "private": "bnVsbA==",
          "dependencies": [
            "aws_s3_bucket.s3_bucket"
          ]
        }
      ]
    },
    {
      "mode": "managed",
      "type": "aws_s3_object",
      "name": "s3-RealEstate-output-folder",
      "provider": "provider[\"registry.terraform.io/hashicorp/aws\"]",
      "instances": [
        {
          "schema_version": 0,
          "attributes": {
            "acl": null,
            "arn": "arn:aws:s3:::hadis-s3-project-bucket/Real-Estate/output/",
            "bucket": "hadis-s3-project-bucket",
            "bucket_key_enabled": false,
            "cache_control": "",
            "checksum_algorithm": null,
            "checksum_crc32": "",
            "checksum_crc32c": "",
            "checksum_sha1": "",
            "checksum_sha256": "",
            "content": null,
            "content_base64": null,
            "content_disposition": "",
            "content_encoding": "",
            "content_language": "",
            "content_type": "application/octet-stream",
            "etag": "71ba9103751a8cbcde404d9c5d0fbfe6",
            "force_destroy": false,
            "id": "Real-Estate/output/",
            "key": "Real-Estate/output/",
            "kms_key_id": null,
            "metadata": {},
            "object_lock_legal_hold_status": "",
            "object_lock_mode": "",
            "object_lock_retain_until_date": "",
            "override_provider": [],
            "server_side_encryption": "aws:kms",
            "source": null,
            "source_hash": null,
            "storage_class": "STANDARD",
            "tags": {},
            "tags_all": {},
            "version_id": "h9q3921l2yVqQKkF7XXVD4Ly8YChvI8V",
            "website_redirect": ""
          },
          "sensitive_attributes": [],
          "private": "bnVsbA==",
          "dependencies": [
            "aws_s3_bucket.s3_bucket"
          ]
        }
      ]
    },
    {
      "mode": "managed",
      "type": "aws_security_group",
      "name": "allow_traffic",
      "provider": "provider[\"registry.terraform.io/hashicorp/aws\"]",
      "instances": [
        {
          "schema_version": 1,
          "attributes": {
            "arn": "arn:aws:ec2:us-east-1:583893231145:security-group/sg-0839b5031d0df0eb5",
            "description": "Allow Web inbound and outbound traffic",
            "egress": [
              {
                "cidr_blocks": [
                  "0.0.0.0/0"
                ],
                "description": "All traffic out of all ports",
                "from_port": 0,
                "ipv6_cidr_blocks": [
                  "::/0"
                ],
                "prefix_list_ids": [],
                "protocol": "-1",
                "security_groups": [],
                "self": false,
                "to_port": 0
              }
            ],
            "id": "sg-0839b5031d0df0eb5",
            "ingress": [
              {
                "cidr_blocks": [
                  "0.0.0.0/0"
                ],
                "description": "All traffic into all ports",
                "from_port": 22,
                "ipv6_cidr_blocks": [
                  "::/0"
                ],
                "prefix_list_ids": [],
                "protocol": "tcp",
                "security_groups": [],
                "self": false,
                "to_port": 22
              }
            ],
            "name": "allow_all_web_traffic",
            "name_prefix": "",
            "owner_id": "583893231145",
            "revoke_rules_on_delete": false,
            "tags": {
              "Name": "allow_all_traffic"
            },
            "tags_all": {
              "Name": "allow_all_traffic"
            },
            "timeouts": null,
            "vpc_id": "vpc-0b79a609bbb804a35"
          },
          "sensitive_attributes": [],
          "private": "eyJlMmJmYjczMC1lY2FhLTExZTYtOGY4OC0zNDM2M2JjN2M0YzAiOnsiY3JlYXRlIjo2MDAwMDAwMDAwMDAsImRlbGV0ZSI6OTAwMDAwMDAwMDAwfSwic2NoZW1hX3ZlcnNpb24iOiIxIn0=",
          "dependencies": [
            "aws_vpc.main_VPC"
          ]
        }
      ]
    },
    {
      "mode": "managed",
      "type": "aws_subnet",
      "name": "main_subnet",
      "provider": "provider[\"registry.terraform.io/hashicorp/aws\"]",
      "instances": [
        {
          "schema_version": 1,
          "attributes": {
            "arn": "arn:aws:ec2:us-east-1:583893231145:subnet/subnet-09efd6ab589cb8ff7",
            "assign_ipv6_address_on_creation": false,
            "availability_zone": "us-east-1a",
            "availability_zone_id": "use1-az6",
            "cidr_block": "10.0.1.0/24",
            "customer_owned_ipv4_pool": "",
            "enable_dns64": false,
            "enable_lni_at_device_index": 0,
            "enable_resource_name_dns_a_record_on_launch": false,
            "enable_resource_name_dns_aaaa_record_on_launch": false,
            "id": "subnet-09efd6ab589cb8ff7",
            "ipv6_cidr_block": "",
            "ipv6_cidr_block_association_id": "",
            "ipv6_native": false,
            "map_customer_owned_ip_on_launch": false,
            "map_public_ip_on_launch": false,
            "outpost_arn": "",
            "owner_id": "583893231145",
            "private_dns_hostname_type_on_launch": "ip-name",
            "tags": {
              "Name": "main subnet"
            },
            "tags_all": {
              "Name": "main subnet"
            },
            "timeouts": null,
            "vpc_id": "vpc-0b79a609bbb804a35"
          },
          "sensitive_attributes": [],
          "private": "eyJlMmJmYjczMC1lY2FhLTExZTYtOGY4OC0zNDM2M2JjN2M0YzAiOnsiY3JlYXRlIjo2MDAwMDAwMDAwMDAsImRlbGV0ZSI6MTIwMDAwMDAwMDAwMH0sInNjaGVtYV92ZXJzaW9uIjoiMSJ9",
          "dependencies": [
            "aws_vpc.main_VPC"
          ]
        }
      ]
    },
    {
      "mode": "managed",
      "type": "aws_vpc",
      "name": "main_VPC",
      "provider": "provider[\"registry.terraform.io/hashicorp/aws\"]",
      "instances": [
        {
          "schema_version": 1,
          "attributes": {
            "arn": "arn:aws:ec2:us-east-1:583893231145:vpc/vpc-0b79a609bbb804a35",
            "assign_generated_ipv6_cidr_block": false,
            "cidr_block": "10.0.0.0/16",
            "default_network_acl_id": "acl-0ad37a9de69af09cc",
            "default_route_table_id": "rtb-02dfbbecf35f1beca",
            "default_security_group_id": "sg-0060303a30cf55695",
            "dhcp_options_id": "dopt-0aac4dfb51b00083d",
            "enable_dns_hostnames": false,
            "enable_dns_support": true,
            "enable_network_address_usage_metrics": false,
            "id": "vpc-0b79a609bbb804a35",
            "instance_tenancy": "default",
            "ipv4_ipam_pool_id": null,
            "ipv4_netmask_length": null,
            "ipv6_association_id": "",
            "ipv6_cidr_block": "",
            "ipv6_cidr_block_network_border_group": "",
            "ipv6_ipam_pool_id": "",
            "ipv6_netmask_length": 0,
            "main_route_table_id": "rtb-02dfbbecf35f1beca",
            "owner_id": "583893231145",
            "tags": {
              "Name": "main VPC"
            },
            "tags_all": {
              "Name": "main VPC"
            }
          },
          "sensitive_attributes": [],
          "private": "eyJzY2hlbWFfdmVyc2lvbiI6IjEifQ=="
        }
      ]
    }
  ],
  "check_results": null
}
